
Microsoft Visual Studio Solution File, Format Version 12.00
# Visual Studio 2012
Project("{FAE04EC0-301F-11D3-BF4B-00C04F79EFBC}") = "BMS_DAL", "BMS_DAL\BMS_DAL.csproj", "{84DD6E33-DCD5-478A-BF06-98B8BF5A6158}"
EndProject
Project("{2150E333-8FDC-42A3-9474-1A3956D46DE8}") = "UI", "UI", "{EDE9FD76-0C2A-4EC0-AB1E-538E0E09836C}"
EndProject
Project("{FAE04EC0-301F-11D3-BF4B-00C04F79EFBC}") = "BMS_Win", "BMS_Win\BMS_Win.csproj", "{2FAAC0CE-B040-4757-8052-FD5DEC184ABD}"
EndProject
Project("{FAE04EC0-301F-11D3-BF4B-00C04F79EFBC}") = "DemoLib", "DemoLib\DemoLib.csproj", "{353162A7-C5B6-4A2E-9A5B-C2A3A21B8F5D}"
EndProject
Project("{FAE04EC0-301F-11D3-BF4B-00C04F79EFBC}") = "BMS_Component", "BMS_Component\BMS_Component.csproj", "{41A4D4E5-FA54-4F15-88DF-6936AD31E026}"
EndProject
Project("{FAE04EC0-301F-11D3-BF4B-00C04F79EFBC}") = "BMS_Service", "BMS_Service\BMS_Service.csproj", "{15B3E0D2-6217-493A-A690-158C497F5318}"
EndProject
Project("{FAE04EC0-301F-11D3-BF4B-00C04F79EFBC}") = "DBPressureTest", "DBPressureTest\DBPressureTest.csproj", "{BE34B3A5-F259-4CE1-8194-CB1C3E48EAF6}"
EndProject
Project("{FAE04EC0-301F-11D3-BF4B-00C04F79EFBC}") = "BMS_ActivityLibrary", "BMS_ActivityLibrary\BMS_ActivityLibrary.csproj", "{98EC024C-6439-44B1-8B1E-29E457B2201F}"
EndProject
Project("{FAE04EC0-301F-11D3-BF4B-00C04F79EFBC}") = "BMS_Core", "BMS_Core\BMS_Core.csproj", "{4BD1A714-5711-4346-BF0F-F58E28ACA498}"
EndProject
Project("{FAE04EC0-301F-11D3-BF4B-00C04F79EFBC}") = "BMS_BaseInfo", "BMS_BaseInfo\BMS_BaseInfo.csproj", "{298EE793-BDD2-421D-B719-091B7AE825E4}"
EndProject
Global
	GlobalSection(SolutionConfigurationPlatforms) = preSolution
		Debug|Any CPU = Debug|Any CPU
		Release|Any CPU = Release|Any CPU
	EndGlobalSection
	GlobalSection(ProjectConfigurationPlatforms) = postSolution
		{84DD6E33-DCD5-478A-BF06-98B8BF5A6158}.Debug|Any CPU.ActiveCfg = Debug|Any CPU
		{84DD6E33-DCD5-478A-BF06-98B8BF5A6158}.Debug|Any CPU.Build.0 = Debug|Any CPU
		{84DD6E33-DCD5-478A-BF06-98B8BF5A6158}.Release|Any CPU.ActiveCfg = Release|Any CPU
		{84DD6E33-DCD5-478A-BF06-98B8BF5A6158}.Release|Any CPU.Build.0 = Release|Any CPU
		{2FAAC0CE-B040-4757-8052-FD5DEC184ABD}.Debug|Any CPU.ActiveCfg = Debug|Any CPU
		{2FAAC0CE-B040-4757-8052-FD5DEC184ABD}.Debug|Any CPU.Build.0 = Debug|Any CPU
		{2FAAC0CE-B040-4757-8052-FD5DEC184ABD}.Release|Any CPU.ActiveCfg = Release|Any CPU
		{2FAAC0CE-B040-4757-8052-FD5DEC184ABD}.Release|Any CPU.Build.0 = Release|Any CPU
		{353162A7-C5B6-4A2E-9A5B-C2A3A21B8F5D}.Debug|Any CPU.ActiveCfg = Debug|Any CPU
		{353162A7-C5B6-4A2E-9A5B-C2A3A21B8F5D}.Debug|Any CPU.Build.0 = Debug|Any CPU
		{353162A7-C5B6-4A2E-9A5B-C2A3A21B8F5D}.Release|Any CPU.ActiveCfg = Release|Any CPU
		{353162A7-C5B6-4A2E-9A5B-C2A3A21B8F5D}.Release|Any CPU.Build.0 = Release|Any CPU
		{41A4D4E5-FA54-4F15-88DF-6936AD31E026}.Debug|Any CPU.ActiveCfg = Debug|Any CPU
		{41A4D4E5-FA54-4F15-88DF-6936AD31E026}.Debug|Any CPU.Build.0 = Debug|Any CPU
		{41A4D4E5-FA54-4F15-88DF-6936AD31E026}.Release|Any CPU.ActiveCfg = Release|Any CPU
		{41A4D4E5-FA54-4F15-88DF-6936AD31E026}.Release|Any CPU.Build.0 = Release|Any CPU
		{15B3E0D2-6217-493A-A690-158C497F5318}.Debug|Any CPU.ActiveCfg = Debug|Any CPU
		{15B3E0D2-6217-493A-A690-158C497F5318}.Debug|Any CPU.Build.0 = Debug|Any CPU
		{15B3E0D2-6217-493A-A690-158C497F5318}.Release|Any CPU.ActiveCfg = Release|Any CPU
		{15B3E0D2-6217-493A-A690-158C497F5318}.Release|Any CPU.Build.0 = Release|Any CPU
		{BE34B3A5-F259-4CE1-8194-CB1C3E48EAF6}.Debug|Any CPU.ActiveCfg = Debug|Any CPU
		{BE34B3A5-F259-4CE1-8194-CB1C3E48EAF6}.Debug|Any CPU.Build.0 = Debug|Any CPU
		{BE34B3A5-F259-4CE1-8194-CB1C3E48EAF6}.Release|Any CPU.ActiveCfg = Release|Any CPU
		{BE34B3A5-F259-4CE1-8194-CB1C3E48EAF6}.Release|Any CPU.Build.0 = Release|Any CPU
		{98EC024C-6439-44B1-8B1E-29E457B2201F}.Debug|Any CPU.ActiveCfg = Debug|Any CPU
		{98EC024C-6439-44B1-8B1E-29E457B2201F}.Debug|Any CPU.Build.0 = Debug|Any CPU
		{98EC024C-6439-44B1-8B1E-29E457B2201F}.Release|Any CPU.ActiveCfg = Release|Any CPU
		{98EC024C-6439-44B1-8B1E-29E457B2201F}.Release|Any CPU.Build.0 = Release|Any CPU
		{4BD1A714-5711-4346-BF0F-F58E28ACA498}.Debug|Any CPU.ActiveCfg = Debug|Any CPU
		{4BD1A714-5711-4346-BF0F-F58E28ACA498}.Debug|Any CPU.Build.0 = Debug|Any CPU
		{4BD1A714-5711-4346-BF0F-F58E28ACA498}.Release|Any CPU.ActiveCfg = Release|Any CPU
		{4BD1A714-5711-4346-BF0F-F58E28ACA498}.Release|Any CPU.Build.0 = Release|Any CPU
		{298EE793-BDD2-421D-B719-091B7AE825E4}.Debug|Any CPU.ActiveCfg = Debug|Any CPU
		{298EE793-BDD2-421D-B719-091B7AE825E4}.Debug|Any CPU.Build.0 = Debug|Any CPU
		{298EE793-BDD2-421D-B719-091B7AE825E4}.Release|Any CPU.ActiveCfg = Release|Any CPU
		{298EE793-BDD2-421D-B719-091B7AE825E4}.Release|Any CPU.Build.0 = Release|Any CPU
	EndGlobalSection
	GlobalSection(SolutionProperties) = preSolution
		HideSolutionNode = FALSE
	EndGlobalSection
	GlobalSection(NestedProjects) = preSolution
		{2FAAC0CE-B040-4757-8052-FD5DEC184ABD} = {EDE9FD76-0C2A-4EC0-AB1E-538E0E09836C}
		{353162A7-C5B6-4A2E-9A5B-C2A3A21B8F5D} = {EDE9FD76-0C2A-4EC0-AB1E-538E0E09836C}
		{4BD1A714-5711-4346-BF0F-F58E28ACA498} = {EDE9FD76-0C2A-4EC0-AB1E-538E0E09836C}
		{298EE793-BDD2-421D-B719-091B7AE825E4} = {EDE9FD76-0C2A-4EC0-AB1E-538E0E09836C}
	EndGlobalSection
EndGlobal
